
Microsoft Visual Studio Solution File, Format Version 12.00
# Visual Studio 15
VisualStudioVersion = 15.0.27428.2002
MinimumVisualStudioVersion = 10.0.40219.1
Project("{FAE04EC0-301F-11D3-BF4B-00C04F79EFBC}") = "PassagensWCF", "PassagensWCF\PassagensWCF.csproj", "{801591A6-4388-4894-BC74-C5EC7D371FA5}"
EndProject
Project("{FAE04EC0-301F-11D3-BF4B-00C04F79EFBC}") = "Hosting", "Hosting\Hosting.csproj", "{4E04E5C4-8B8B-47D6-BDEB-28CACB358D93}"
EndProject
Project("{FAE04EC0-301F-11D3-BF4B-00C04F79EFBC}") = "ConsumindoServico", "ConsumindoServico\ConsumindoServico.csproj", "{E153D2FE-F998-4AD4-803D-0B4DBE854163}"
	ProjectSection(ProjectDependencies) = postProject
		{801591A6-4388-4894-BC74-C5EC7D371FA5} = {801591A6-4388-4894-BC74-C5EC7D371FA5}
	EndProjectSection
EndProject
Global
	GlobalSection(SolutionConfigurationPlatforms) = preSolution
		Debug|Any CPU = Debug|Any CPU
		Release|Any CPU = Release|Any CPU
	EndGlobalSection
	GlobalSection(ProjectConfigurationPlatforms) = postSolution
		{801591A6-4388-4894-BC74-C5EC7D371FA5}.Debug|Any CPU.ActiveCfg = Debug|Any CPU
		{801591A6-4388-4894-BC74-C5EC7D371FA5}.Debug|Any CPU.Build.0 = Debug|Any CPU
		{801591A6-4388-4894-BC74-C5EC7D371FA5}.Release|Any CPU.ActiveCfg = Release|Any CPU
		{801591A6-4388-4894-BC74-C5EC7D371FA5}.Release|Any CPU.Build.0 = Release|Any CPU
		{4E04E5C4-8B8B-47D6-BDEB-28CACB358D93}.Debug|Any CPU.ActiveCfg = Debug|Any CPU
		{4E04E5C4-8B8B-47D6-BDEB-28CACB358D93}.Debug|Any CPU.Build.0 = Debug|Any CPU
		{4E04E5C4-8B8B-47D6-BDEB-28CACB358D93}.Release|Any CPU.ActiveCfg = Release|Any CPU
		{4E04E5C4-8B8B-47D6-BDEB-28CACB358D93}.Release|Any CPU.Build.0 = Release|Any CPU
		{E153D2FE-F998-4AD4-803D-0B4DBE854163}.Debug|Any CPU.ActiveCfg = Debug|Any CPU
		{E153D2FE-F998-4AD4-803D-0B4DBE854163}.Debug|Any CPU.Build.0 = Debug|Any CPU
		{E153D2FE-F998-4AD4-803D-0B4DBE854163}.Release|Any CPU.ActiveCfg = Release|Any CPU
		{E153D2FE-F998-4AD4-803D-0B4DBE854163}.Release|Any CPU.Build.0 = Release|Any CPU
	EndGlobalSection
	GlobalSection(SolutionProperties) = preSolution
		HideSolutionNode = FALSE
	EndGlobalSection
	GlobalSection(ExtensibilityGlobals) = postSolution
		SolutionGuid = {4ED2C968-C7E9-44F8-87A6-32EEAEF11535}
	EndGlobalSection
EndGlobal
